<Solution>
  <Folder Name="/Solution Items/">
    <File Path=".editorconfig" />
    <File Path=".gitignore" />
    <File Path="compose.yaml" />
    <File Path="Directory.Build.props" />
    <File Path="Directory.Packages.props" />
    <File Path="dotnet-tools.json" />
    <File Path="README.md" />
  </Folder>

  <Folder Name="/src/">
    <Project Path="src/Kongroo.CloudGames.Api/Kongroo.CloudGames.Api.csproj" />
    <Project Path="src/Kongroo.CloudGames.Catalog/Kongroo.CloudGames.Catalog.csproj" />
    <Project Path="src/Kongroo.CloudGames.Identity/Kongroo.CloudGames.Identity.csproj" />
    <Project Path="src/Kongroo.CloudGames.Library/Kongroo.CloudGames.Library.csproj" />
    <Project Path="src/Kongroo.BuildingBlocks/Kongroo.BuildingBlocks.csproj" />
  </Folder>

  <Folder Name="/tests/">
    <Project Path="tests/Kongroo.CloudGames.IntegrationTests/Kongroo.CloudGames.IntegrationTests.csproj" />
    <Project Path="tests/Kongroo.CloudGames.UnitTests/Kongroo.CloudGames.UnitTests.csproj" />
  </Folder>
</Solution>
